
Microsoft Visual Studio Solution File, Format Version 12.00
# Visual Studio 14
VisualStudioVersion = 14.0.23107.0
MinimumVisualStudioVersion = 10.0.40219.1
Project("{2150E333-8FDC-42A3-9474-1A3956D46DE8}") = "Random", "Random", "{30977D4C-4699-4AD4-82E9-873313A54D4F}"
EndProject
Project("{D954291E-2A0B-460D-934E-DC6B0785DB48}") = "Random.Shared", "Random\Random.Shared\Random.Shared.shproj", "{7EBB402A-3E72-4A6A-9728-F95CB524D7F0}"
EndProject
Project("{262852C6-CD72-467D-83FE-5EEB1973A190}") = "Random.Windows", "Random\Random.Windows\Random.Windows.jsproj", "{2B129F3C-2758-498D-93FC-DC6A7485E2E6}"
EndProject
Project("{262852C6-CD72-467D-83FE-5EEB1973A190}") = "Random.WindowsPhone", "Random\Random.WindowsPhone\Random.WindowsPhone.jsproj", "{70AEFEB9-1547-402C-BD18-8560BFA2A654}"
EndProject
Global
	GlobalSection(SharedMSBuildProjectFiles) = preSolution
		Random\Random.Shared\Random.Shared.projitems*{7ebb402a-3e72-4a6a-9728-f95cb524d7f0}*SharedItemsImports = 13
		Random\Random.Shared\Random.Shared.projitems*{2b129f3c-2758-498d-93fc-dc6a7485e2e6}*SharedItemsImports = 5
		Random\Random.Shared\Random.Shared.projitems*{70aefeb9-1547-402c-bd18-8560bfa2a654}*SharedItemsImports = 5
	EndGlobalSection
	GlobalSection(SolutionConfigurationPlatforms) = preSolution
		Debug|Any CPU = Debug|Any CPU
		Debug|ARM = Debug|ARM
		Debug|x64 = Debug|x64
		Debug|x86 = Debug|x86
		Release|Any CPU = Release|Any CPU
		Release|ARM = Release|ARM
		Release|x64 = Release|x64
		Release|x86 = Release|x86
	EndGlobalSection
	GlobalSection(ProjectConfigurationPlatforms) = postSolution
		{2B129F3C-2758-498D-93FC-DC6A7485E2E6}.Debug|Any CPU.ActiveCfg = Debug|Any CPU
		{2B129F3C-2758-498D-93FC-DC6A7485E2E6}.Debug|Any CPU.Build.0 = Debug|Any CPU
		{2B129F3C-2758-498D-93FC-DC6A7485E2E6}.Debug|Any CPU.Deploy.0 = Debug|Any CPU
		{2B129F3C-2758-498D-93FC-DC6A7485E2E6}.Debug|ARM.ActiveCfg = Debug|ARM
		{2B129F3C-2758-498D-93FC-DC6A7485E2E6}.Debug|ARM.Build.0 = Debug|ARM
		{2B129F3C-2758-498D-93FC-DC6A7485E2E6}.Debug|ARM.Deploy.0 = Debug|ARM
		{2B129F3C-2758-498D-93FC-DC6A7485E2E6}.Debug|x64.ActiveCfg = Debug|x64
		{2B129F3C-2758-498D-93FC-DC6A7485E2E6}.Debug|x64.Build.0 = Debug|x64
		{2B129F3C-2758-498D-93FC-DC6A7485E2E6}.Debug|x64.Deploy.0 = Debug|x64
		{2B129F3C-2758-498D-93FC-DC6A7485E2E6}.Debug|x86.ActiveCfg = Debug|x86
		{2B129F3C-2758-498D-93FC-DC6A7485E2E6}.Debug|x86.Build.0 = Debug|x86
		{2B129F3C-2758-498D-93FC-DC6A7485E2E6}.Debug|x86.Deploy.0 = Debug|x86
		{2B129F3C-2758-498D-93FC-DC6A7485E2E6}.Release|Any CPU.ActiveCfg = Release|Any CPU
		{2B129F3C-2758-498D-93FC-DC6A7485E2E6}.Release|Any CPU.Build.0 = Release|Any CPU
		{2B129F3C-2758-498D-93FC-DC6A7485E2E6}.Release|Any CPU.Deploy.0 = Release|Any CPU
		{2B129F3C-2758-498D-93FC-DC6A7485E2E6}.Release|ARM.ActiveCfg = Release|ARM
		{2B129F3C-2758-498D-93FC-DC6A7485E2E6}.Release|ARM.Build.0 = Release|ARM
		{2B129F3C-2758-498D-93FC-DC6A7485E2E6}.Release|ARM.Deploy.0 = Release|ARM
		{2B129F3C-2758-498D-93FC-DC6A7485E2E6}.Release|x64.ActiveCfg = Release|x64
		{2B129F3C-2758-498D-93FC-DC6A7485E2E6}.Release|x64.Build.0 = Release|x64
		{2B129F3C-2758-498D-93FC-DC6A7485E2E6}.Release|x64.Deploy.0 = Release|x64
		{2B129F3C-2758-498D-93FC-DC6A7485E2E6}.Release|x86.ActiveCfg = Release|x86
		{2B129F3C-2758-498D-93FC-DC6A7485E2E6}.Release|x86.Build.0 = Release|x86
		{2B129F3C-2758-498D-93FC-DC6A7485E2E6}.Release|x86.Deploy.0 = Release|x86
		{70AEFEB9-1547-402C-BD18-8560BFA2A654}.Debug|Any CPU.ActiveCfg = Debug|Any CPU
		{70AEFEB9-1547-402C-BD18-8560BFA2A654}.Debug|Any CPU.Build.0 = Debug|Any CPU
		{70AEFEB9-1547-402C-BD18-8560BFA2A654}.Debug|Any CPU.Deploy.0 = Debug|Any CPU
		{70AEFEB9-1547-402C-BD18-8560BFA2A654}.Debug|ARM.ActiveCfg = Debug|ARM
		{70AEFEB9-1547-402C-BD18-8560BFA2A654}.Debug|ARM.Build.0 = Debug|ARM
		{70AEFEB9-1547-402C-BD18-8560BFA2A654}.Debug|ARM.Deploy.0 = Debug|ARM
		{70AEFEB9-1547-402C-BD18-8560BFA2A654}.Debug|x64.ActiveCfg = Debug|Any CPU
		{70AEFEB9-1547-402C-BD18-8560BFA2A654}.Debug|x64.Build.0 = Debug|Any CPU
		{70AEFEB9-1547-402C-BD18-8560BFA2A654}.Debug|x64.Deploy.0 = Debug|Any CPU
		{70AEFEB9-1547-402C-BD18-8560BFA2A654}.Debug|x86.ActiveCfg = Debug|x86
		{70AEFEB9-1547-402C-BD18-8560BFA2A654}.Debug|x86.Build.0 = Debug|x86
		{70AEFEB9-1547-402C-BD18-8560BFA2A654}.Debug|x86.Deploy.0 = Debug|x86
		{70AEFEB9-1547-402C-BD18-8560BFA2A654}.Release|Any CPU.ActiveCfg = Release|Any CPU
		{70AEFEB9-1547-402C-BD18-8560BFA2A654}.Release|Any CPU.Build.0 = Release|Any CPU
		{70AEFEB9-1547-402C-BD18-8560BFA2A654}.Release|Any CPU.Deploy.0 = Release|Any CPU
		{70AEFEB9-1547-402C-BD18-8560BFA2A654}.Release|ARM.ActiveCfg = Release|ARM
		{70AEFEB9-1547-402C-BD18-8560BFA2A654}.Release|ARM.Build.0 = Release|ARM
		{70AEFEB9-1547-402C-BD18-8560BFA2A654}.Release|ARM.Deploy.0 = Release|ARM
		{70AEFEB9-1547-402C-BD18-8560BFA2A654}.Release|x64.ActiveCfg = Release|Any CPU
		{70AEFEB9-1547-402C-BD18-8560BFA2A654}.Release|x64.Build.0 = Release|Any CPU
		{70AEFEB9-1547-402C-BD18-8560BFA2A654}.Release|x64.Deploy.0 = Release|Any CPU
		{70AEFEB9-1547-402C-BD18-8560BFA2A654}.Release|x86.ActiveCfg = Release|x86
		{70AEFEB9-1547-402C-BD18-8560BFA2A654}.Release|x86.Build.0 = Release|x86
		{70AEFEB9-1547-402C-BD18-8560BFA2A654}.Release|x86.Deploy.0 = Release|x86
	EndGlobalSection
	GlobalSection(SolutionProperties) = preSolution
		HideSolutionNode = FALSE
	EndGlobalSection
	GlobalSection(NestedProjects) = preSolution
		{7EBB402A-3E72-4A6A-9728-F95CB524D7F0} = {30977D4C-4699-4AD4-82E9-873313A54D4F}
		{2B129F3C-2758-498D-93FC-DC6A7485E2E6} = {30977D4C-4699-4AD4-82E9-873313A54D4F}
		{70AEFEB9-1547-402C-BD18-8560BFA2A654} = {30977D4C-4699-4AD4-82E9-873313A54D4F}
	EndGlobalSection
EndGlobal
